// !$*UTF8*$!
{
	archiveVersion = 1;
	classes = {
	};
	objectVersion = 46;
	objects = {

/* Begin PBXBuildFile section */
		BF1C0C7C1D0EDA01006C2B02 /* AppDelegate.swift in Sources */ = {isa = PBXBuildFile; fileRef = BF1C0C7B1D0EDA01006C2B02 /* AppDelegate.swift */; };
		BF1C0C7E1D0EDA01006C2B02 /* ViewController.swift in Sources */ = {isa = PBXBuildFile; fileRef = BF1C0C7D1D0EDA01006C2B02 /* ViewController.swift */; };
		BF1C0C811D0EDA01006C2B02 /* Main.storyboard in Resources */ = {isa = PBXBuildFile; fileRef = BF1C0C7F1D0EDA01006C2B02 /* Main.storyboard */; };
		BF1C0C841D0EDA01006C2B02 /* TableViewTutorail.xcdatamodeld in Sources */ = {isa = PBXBuildFile; fileRef = BF1C0C821D0EDA01006C2B02 /* TableViewTutorail.xcdatamodeld */; };
		BF1C0C861D0EDA01006C2B02 /* Assets.xcassets in Resources */ = {isa = PBXBuildFile; fileRef = BF1C0C851D0EDA01006C2B02 /* Assets.xcassets */; };
		BF1C0C891D0EDA01006C2B02 /* LaunchScreen.storyboard in Resources */ = {isa = PBXBuildFile; fileRef = BF1C0C871D0EDA01006C2B02 /* LaunchScreen.storyboard */; };
		BF1C0C941D0EDA01006C2B02 /* TableViewTutorailTests.swift in Sources */ = {isa = PBXBuildFile; fileRef = BF1C0C931D0EDA01006C2B02 /* TableViewTutorailTests.swift */; };
		BF1C0C9F1D0EDA01006C2B02 /* TableViewTutorailUITests.swift in Sources */ = {isa = PBXBuildFile; fileRef = BF1C0C9E1D0EDA01006C2B02 /* TableViewTutorailUITests.swift */; };
/* End PBXBuildFile section */

/* Begin PBXContainerItemProxy section */
		BF1C0C901D0EDA01006C2B02 /* PBXContainerItemProxy */ = {
			isa = PBXContainerItemProxy;
			containerPortal = BF1C0C701D0EDA00006C2B02 /* Project object */;
			proxyType = 1;
			remoteGlobalIDString = BF1C0C771D0EDA00006C2B02;
			remoteInfo = TableViewTutorail;
		};
		BF1C0C9B1D0EDA01006C2B02 /* PBXContainerItemProxy */ = {
			isa = PBXContainerItemProxy;
			containerPortal = BF1C0C701D0EDA00006C2B02 /* Project object */;
			proxyType = 1;
			remoteGlobalIDString = BF1C0C771D0EDA00006C2B02;
			remoteInfo = TableViewTutorail;
		};
/* End PBXContainerItemProxy section */

/* Begin PBXFileReference section */
		BF1C0C781D0EDA00006C2B02 /* TableViewTutorail.app */ = {isa = PBXFileReference; explicitFileType = wrapper.application; includeInIndex = 0; path = TableViewTutorail.app; sourceTree = BUILT_PRODUCTS_DIR; };
		BF1C0C7B1D0EDA01006C2B02 /* AppDelegate.swift */ = {isa = PBXFileReference; lastKnownFileType = sourcecode.swift; path = AppDelegate.swift; sourceTree = "<group>"; };
		BF1C0C7D1D0EDA01006C2B02 /* ViewController.swift */ = {isa = PBXFileReference; lastKnownFileType = sourcecode.swift; path = ViewController.swift; sourceTree = "<group>"; };
		BF1C0C801D0EDA01006C2B02 /* Base */ = {isa = PBXFileReference; lastKnownFileType = file.storyboard; name = Base; path = Base.lproj/Main.storyboard; sourceTree = "<group>"; };
		BF1C0C831D0EDA01006C2B02 /* TableViewTutorail.xcdatamodel */ = {isa = PBXFileReference; lastKnownFileType = wrapper.xcdatamodel; path = TableViewTutorail.xcdatamodel; sourceTree = "<group>"; };
		BF1C0C851D0EDA01006C2B02 /* Assets.xcassets */ = {isa = PBXFileReference; lastKnownFileType = folder.assetcatalog; path = Assets.xcassets; sourceTree = "<group>"; };
		BF1C0C881D0EDA01006C2B02 /* Base */ = {isa = PBXFileReference; lastKnownFileType = file.storyboard; name = Base; path = Base.lproj/LaunchScreen.storyboard; sourceTree = "<group>"; };
		BF1C0C8A1D0EDA01006C2B02 /* Info.plist */ = {isa = PBXFileReference; lastKnownFileType = text.plist.xml; path = Info.plist; sourceTree = "<group>"; };
		BF1C0C8F1D0EDA01006C2B02 /* TableViewTutorailTests.xctest */ = {isa = PBXFileReference; explicitFileType = wrapper.cfbundle; includeInIndex = 0; path = TableViewTutorailTests.xctest; sourceTree = BUILT_PRODUCTS_DIR; };
		BF1C0C931D0EDA01006C2B02 /* TableViewTutorailTests.swift */ = {isa = PBXFileReference; lastKnownFileType = sourcecode.swift; path = TableViewTutorailTests.swift; sourceTree = "<group>"; };
		BF1C0C951D0EDA01006C2B02 /* Info.plist */ = {isa = PBXFileReference; lastKnownFileType = text.plist.xml; path = Info.plist; sourceTree = "<group>"; };
		BF1C0C9A1D0EDA01006C2B02 /* TableViewTutorailUITests.xctest */ = {isa = PBXFileReference; explicitFileType = wrapper.cfbundle; includeInIndex = 0; path = TableViewTutorailUITests.xctest; sourceTree = BUILT_PRODUCTS_DIR; };
		BF1C0C9E1D0EDA01006C2B02 /* TableViewTutorailUITests.swift */ = {isa = PBXFileReference; lastKnownFileType = sourcecode.swift; path = TableViewTutorailUITests.swift; sourceTree = "<group>"; };
		BF1C0CA01D0EDA01006C2B02 /* Info.plist */ = {isa = PBXFileReference; lastKnownFileType = text.plist.xml; path = Info.plist; sourceTree = "<group>"; };
/* End PBXFileReference section */

/* Begin PBXFrameworksBuildPhase section */
		BF1C0C751D0EDA00006C2B02 /* Frameworks */ = {
			isa = PBXFrameworksBuildPhase;
			buildActionMask = 2147483647;
			files = (
			);
			runOnlyForDeploymentPostprocessing = 0;
		};
		BF1C0C8C1D0EDA01006C2B02 /* Frameworks */ = {
			isa = PBXFrameworksBuildPhase;
			buildActionMask = 2147483647;
			files = (
			);
			runOnlyForDeploymentPostprocessing = 0;
		};
		BF1C0C971D0EDA01006C2B02 /* Frameworks */ = {
			isa = PBXFrameworksBuildPhase;
			buildActionMask = 2147483647;
			files = (
			);
			runOnlyForDeploymentPostprocessing = 0;
		};
/* End PBXFrameworksBuildPhase section */

/* Begin PBXGroup section */
		BF1C0C6F1D0EDA00006C2B02 = {
			isa = PBXGroup;
			children = (
				BF1C0C7A1D0EDA01006C2B02 /* TableViewTutorail */,
				BF1C0C921D0EDA01006C2B02 /* TableViewTutorailTests */,
				BF1C0C9D1D0EDA01006C2B02 /* TableViewTutorailUITests */,
				BF1C0C791D0EDA00006C2B02 /* Products */,
			);
			sourceTree = "<group>";
		};
		BF1C0C791D0EDA00006C2B02 /* Products */ = {
			isa = PBXGroup;
			children = (
				BF1C0C781D0EDA00006C2B02 /* TableViewTutorail.app */,
				BF1C0C8F1D0EDA01006C2B02 /* TableViewTutorailTests.xctest */,
				BF1C0C9A1D0EDA01006C2B02 /* TableViewTutorailUITests.xctest */,
			);
			name = Products;
			sourceTree = "<group>";
		};
		BF1C0C7A1D0EDA01006C2B02 /* TableViewTutorail */ = {
			isa = PBXGroup;
			children = (
				BF1C0C7B1D0EDA01006C2B02 /* AppDelegate.swift */,
				BF1C0C7D1D0EDA01006C2B02 /* ViewController.swift */,
				BF1C0C7F1D0EDA01006C2B02 /* Main.storyboard */,
				BF1C0C851D0EDA01006C2B02 /* Assets.xcassets */,
				BF1C0C871D0EDA01006C2B02 /* LaunchScreen.storyboard */,
				BF1C0C8A1D0EDA01006C2B02 /* Info.plist */,
				BF1C0C821D0EDA01006C2B02 /* TableViewTutorail.xcdatamodeld */,
			);
			path = TableViewTutorail;
			sourceTree = "<group>";
		};
		BF1C0C921D0EDA01006C2B02 /* TableViewTutorailTests */ = {
			isa = PBXGroup;
			children = (
				BF1C0C931D0EDA01006C2B02 /* TableViewTutorailTests.swift */,
				BF1C0C951D0EDA01006C2B02 /* Info.plist */,
			);
			path = TableViewTutorailTests;
			sourceTree = "<group>";
		};
		BF1C0C9D1D0EDA01006C2B02 /* TableViewTutorailUITests */ = {
			isa = PBXGroup;
			children = (
				BF1C0C9E1D0EDA01006C2B02 /* TableViewTutorailUITests.swift */,
				BF1C0CA01D0EDA01006C2B02 /* Info.plist */,
			);
			path = TableViewTutorailUITests;
			sourceTree = "<group>";
		};
/* End PBXGroup section */

/* Begin PBXNativeTarget section */
		BF1C0C771D0EDA00006C2B02 /* TableViewTutorail */ = {
			isa = PBXNativeTarget;
			buildConfigurationList = BF1C0CA31D0EDA01006C2B02 /* Build configuration list for PBXNativeTarget "TableViewTutorail" */;
			buildPhases = (
				BF1C0C741D0EDA00006C2B02 /* Sources */,
				BF1C0C751D0EDA00006C2B02 /* Frameworks */,
				BF1C0C761D0EDA00006C2B02 /* Resources */,
			);
			buildRules = (
			);
			dependencies = (
			);
			name = TableViewTutorail;
			productName = TableViewTutorail;
			productReference = BF1C0C781D0EDA00006C2B02 /* TableViewTutorail.app */;
			productType = "com.apple.product-type.application";
		};
		BF1C0C8E1D0EDA01006C2B02 /* TableViewTutorailTests */ = {
			isa = PBXNativeTarget;
			buildConfigurationList = BF1C0CA61D0EDA01006C2B02 /* Build configuration list for PBXNativeTarget "TableViewTutorailTests" */;
			buildPhases = (
				BF1C0C8B1D0EDA01006C2B02 /* Sources */,
				BF1C0C8C1D0EDA01006C2B02 /* Frameworks */,
				BF1C0C8D1D0EDA01006C2B02 /* Resources */,
			);
			buildRules = (
			);
			dependencies = (
				BF1C0C911D0EDA01006C2B02 /* PBXTargetDependency */,
			);
			name = TableViewTutorailTests;
			productName = TableViewTutorailTests;
			productReference = BF1C0C8F1D0EDA01006C2B02 /* TableViewTutorailTests.xctest */;
			productType = "com.apple.product-type.bundle.unit-test";
		};
		BF1C0C991D0EDA01006C2B02 /* TableViewTutorailUITests */ = {
			isa = PBXNativeTarget;
			buildConfigurationList = BF1C0CA91D0EDA01006C2B02 /* Build configuration list for PBXNativeTarget "TableViewTutorailUITests" */;
			buildPhases = (
				BF1C0C961D0EDA01006C2B02 /* Sources */,
				BF1C0C971D0EDA01006C2B02 /* Frameworks */,
				BF1C0C981D0EDA01006C2B02 /* Resources */,
			);
			buildRules = (
			);
			dependencies = (
				BF1C0C9C1D0EDA01006C2B02 /* PBXTargetDependency */,
			);
			name = TableViewTutorailUITests;
			productName = TableViewTutorailUITests;
			productReference = BF1C0C9A1D0EDA01006C2B02 /* TableViewTutorailUITests.xctest */;
			productType = "com.apple.product-type.bundle.ui-testing";
		};
/* End PBXNativeTarget section */

/* Begin PBXProject section */
		BF1C0C701D0EDA00006C2B02 /* Project object */ = {
			isa = PBXProject;
			attributes = {
				LastSwiftUpdateCheck = 0730;
				LastUpgradeCheck = 0730;
				ORGANIZATIONNAME = kobe73er;
				TargetAttributes = {
					BF1C0C771D0EDA00006C2B02 = {
						CreatedOnToolsVersion = 7.3.1;
						DevelopmentTeam = 6L2479GMRL;
					};
					BF1C0C8E1D0EDA01006C2B02 = {
						CreatedOnToolsVersion = 7.3.1;
						DevelopmentTeam = 6L2479GMRL;
						TestTargetID = BF1C0C771D0EDA00006C2B02;
					};
					BF1C0C991D0EDA01006C2B02 = {
						CreatedOnToolsVersion = 7.3.1;
						DevelopmentTeam = 6L2479GMRL;
						TestTargetID = BF1C0C771D0EDA00006C2B02;
					};
				};
			};
			buildConfigurationList = BF1C0C731D0EDA00006C2B02 /* Build configuration list for PBXProject "TableViewTutorail" */;
			compatibilityVersion = "Xcode 3.2";
			developmentRegion = English;
			hasScannedForEncodings = 0;
			knownRegions = (
				en,
				Base,
			);
			mainGroup = BF1C0C6F1D0EDA00006C2B02;
			productRefGroup = BF1C0C791D0EDA00006C2B02 /* Products */;
			projectDirPath = "";
			projectRoot = "";
			targets = (
				BF1C0C771D0EDA00006C2B02 /* TableViewTutorail */,
				BF1C0C8E1D0EDA01006C2B02 /* TableViewTutorailTests */,
				BF1C0C991D0EDA01006C2B02 /* TableViewTutorailUITests */,
			);
		};
/* End PBXProject section */

/* Begin PBXResourcesBuildPhase section */
		BF1C0C761D0EDA00006C2B02 /* Resources */ = {
			isa = PBXResourcesBuildPhase;
			buildActionMask = 2147483647;
			files = (
				BF1C0C891D0EDA01006C2B02 /* LaunchScreen.storyboard in Resources */,
				BF1C0C861D0EDA01006C2B02 /* Assets.xcassets in Resources */,
				BF1C0C811D0EDA01006C2B02 /* Main.storyboard in Resources */,
			);
			runOnlyForDeploymentPostprocessing = 0;
		};
		BF1C0C8D1D0EDA01006C2B02 /* Resources */ = {
			isa = PBXResourcesBuildPhase;
			buildActionMask = 2147483647;
			files = (
			);
			runOnlyForDeploymentPostprocessing = 0;
		};
		BF1C0C981D0EDA01006C2B02 /* Resources */ = {
			isa = PBXResourcesBuildPhase;
			buildActionMask = 2147483647;
			files = (
			);
			runOnlyForDeploymentPostprocessing = 0;
		};
/* End PBXResourcesBuildPhase section */

/* Begin PBXSourcesBuildPhase section */
		BF1C0C741D0EDA00006C2B02 /* Sources */ = {
			isa = PBXSourcesBuildPhase;
			buildActionMask = 2147483647;
			files = (
				BF1C0C841D0EDA01006C2B02 /* TableViewTutorail.xcdatamodeld in Sources */,
				BF1C0C7E1D0EDA01006C2B02 /* ViewController.swift in Sources */,
				BF1C0C7C1D0EDA01006C2B02 /* AppDelegate.swift in Sources */,
			);
			runOnlyForDeploymentPostprocessing = 0;
		};
		BF1C0C8B1D0EDA01006C2B02 /* Sources */ = {
			isa = PBXSourcesBuildPhase;
			buildActionMask = 2147483647;
			files = (
				BF1C0C941D0EDA01006C2B02 /* TableViewTutorailTests.swift in Sources */,
			);
			runOnlyForDeploymentPostprocessing = 0;
		};
		BF1C0C961D0EDA01006C2B02 /* Sources */ = {
			isa = PBXSourcesBuildPhase;
			buildActionMask = 2147483647;
			files = (
				BF1C0C9F1D0EDA01006C2B02 /* TableViewTutorailUITests.swift in Sources */,
			);
			runOnlyForDeploymentPostprocessing = 0;
		};
/* End PBXSourcesBuildPhase section */

/* Begin PBXTargetDependency section */
		BF1C0C911D0EDA01006C2B02 /* PBXTargetDependency */ = {
			isa = PBXTargetDependency;
			target = BF1C0C771D0EDA00006C2B02 /* TableViewTutorail */;
			targetProxy = BF1C0C901D0EDA01006C2B02 /* PBXContainerItemProxy */;
		};
		BF1C0C9C1D0EDA01006C2B02 /* PBXTargetDependency */ = {
			isa = PBXTargetDependency;
			target = BF1C0C771D0EDA00006C2B02 /* TableViewTutorail */;
			targetProxy = BF1C0C9B1D0EDA01006C2B02 /* PBXContainerItemProxy */;
		};
/* End PBXTargetDependency section */

/* Begin PBXVariantGroup section */
		BF1C0C7F1D0EDA01006C2B02 /* Main.storyboard */ = {
			isa = PBXVariantGroup;
			children = (
				BF1C0C801D0EDA01006C2B02 /* Base */,
			);
			name = Main.storyboard;
			sourceTree = "<group>";
		};
		BF1C0C871D0EDA01006C2B02 /* LaunchScreen.storyboard */ = {
			isa = PBXVariantGroup;
			children = (
				BF1C0C881D0EDA01006C2B02 /* Base */,
			);
			name = LaunchScreen.storyboard;
			sourceTree = "<group>";
		};
/* End PBXVariantGroup section */

/* Begin XCBuildConfiguration section */
		BF1C0CA11D0EDA01006C2B02 /* Debug */ = {
			isa = XCBuildConfiguration;
			buildSettings = {
				ALWAYS_SEARCH_USER_PATHS = NO;
				CLANG_ANALYZER_NONNULL = YES;
				CLANG_CXX_LANGUAGE_STANDARD = "gnu++0x";
				CLANG_CXX_LIBRARY = "libc++";
				CLANG_ENABLE_MODULES = YES;
				CLANG_ENABLE_OBJC_ARC = YES;
				CLANG_WARN_BOOL_CONVERSION = YES;
				CLANG_WARN_CONSTANT_CONVERSION = YES;
				CLANG_WARN_DIRECT_OBJC_ISA_USAGE = YES_ERROR;
				CLANG_WARN_EMPTY_BODY = YES;
				CLANG_WARN_ENUM_CONVERSION = YES;
				CLANG_WARN_INT_CONVERSION = YES;
				CLANG_WARN_OBJC_ROOT_CLASS = YES_ERROR;
				CLANG_WARN_UNREACHABLE_CODE = YES;
				CLANG_WARN__DUPLICATE_METHOD_MATCH = YES;
				"CODE_SIGN_IDENTITY[sdk=iphoneos*]" = "iPhone Developer";
				COPY_PHASE_STRIP = NO;
				DEBUG_INFORMATION_FORMAT = dwarf;
				ENABLE_STRICT_OBJC_MSGSEND = YES;
				ENABLE_TESTABILITY = YES;
				GCC_C_LANGUAGE_STANDARD = gnu99;
				GCC_DYNAMIC_NO_PIC = NO;
				GCC_NO_COMMON_BLOCKS = YES;
				GCC_OPTIMIZATION_LEVEL = 0;
				GCC_PREPROCESSOR_DEFINITIONS = (
					"DEBUG=1",
					"$(inherited)",
				);
				GCC_WARN_64_TO_32_BIT_CONVERSION = YES;
				GCC_WARN_ABOUT_RETURN_TYPE = YES_ERROR;
				GCC_WARN_UNDECLARED_SELECTOR = YES;
				GCC_WARN_UNINITIALIZED_AUTOS = YES_AGGRESSIVE;
				GCC_WARN_UNUSED_FUNCTION = YES;
				GCC_WARN_UNUSED_VARIABLE = YES;
				IPHONEOS_DEPLOYMENT_TARGET = 9.3;
				MTL_ENABLE_DEBUG_INFO = YES;
				ONLY_ACTIVE_ARCH = YES;
				SDKROOT = iphoneos;
				SWIFT_OPTIMIZATION_LEVEL = "-Onone";
			};
			name = Debug;
		};
		BF1C0CA21D0EDA01006C2B02 /* Release */ = {
			isa = XCBuildConfiguration;
			buildSettings = {
				ALWAYS_SEARCH_USER_PATHS = NO;
				CLANG_ANALYZER_NONNULL = YES;
				CLANG_CXX_LANGUAGE_STANDARD = "gnu++0x";
				CLANG_CXX_LIBRARY = "libc++";
				CLANG_ENABLE_MODULES = YES;
				CLANG_ENABLE_OBJC_ARC = YES;
				CLANG_WARN_BOOL_CONVERSION = YES;
				CLANG_WARN_CONSTANT_CONVERSION = YES;
				CLANG_WARN_DIRECT_OBJC_ISA_USAGE = YES_ERROR;
				CLANG_WARN_EMPTY_BODY = YES;
				CLANG_WARN_ENUM_CONVERSION = YES;
				CLANG_WARN_INT_CONVERSION = YES;
				CLANG_WARN_OBJC_ROOT_CLASS = YES_ERROR;
				CLANG_WARN_UNREACHABLE_CODE = YES;
				CLANG_WARN__DUPLICATE_METHOD_MATCH = YES;
				"CODE_SIGN_IDENTITY[sdk=iphoneos*]" = "iPhone Developer";
				COPY_PHASE_STRIP = NO;
				DEBUG_INFORMATION_FORMAT = "dwarf-with-dsym";
				ENABLE_NS_ASSERTIONS = NO;
				ENABLE_STRICT_OBJC_MSGSEND = YES;
				GCC_C_LANGUAGE_STANDARD = gnu99;
				GCC_NO_COMMON_BLOCKS = YES;
				GCC_WARN_64_TO_32_BIT_CONVERSION = YES;
				GCC_WARN_ABOUT_RETURN_TYPE = YES_ERROR;
				GCC_WARN_UNDECLARED_SELECTOR = YES;
				GCC_WARN_UNINITIALIZED_AUTOS = YES_AGGRESSIVE;
				GCC_WARN_UNUSED_FUNCTION = YES;
				GCC_WARN_UNUSED_VARIABLE = YES;
				IPHONEOS_DEPLOYMENT_TARGET = 9.3;
				MTL_ENABLE_DEBUG_INFO = NO;
				SDKROOT = iphoneos;
				VALIDATE_PRODUCT = YES;
			};
			name = Release;
		};
		BF1C0CA41D0EDA01006C2B02 /* Debug */ = {
			isa = XCBuildConfiguration;
			buildSettings = {
				ASSETCATALOG_COMPILER_APPICON_NAME = AppIcon;
				INFOPLIST_FILE = TableViewTutorail/Info.plist;
				LD_RUNPATH_SEARCH_PATHS = "$(inherited) @executable_path/Frameworks";
				PRODUCT_BUNDLE_IDENTIFIER = com.dengpf.TableViewTutorail;
				PRODUCT_NAME = "$(TARGET_NAME)";
			};
			name = Debug;
		};
		BF1C0CA51D0EDA01006C2B02 /* Release */ = {
			isa = XCBuildConfiguration;
			buildSettings = {
				ASSETCATALOG_COMPILER_APPICON_NAME = AppIcon;
				INFOPLIST_FILE = TableViewTutorail/Info.plist;
				LD_RUNPATH_SEARCH_PATHS = "$(inherited) @executable_path/Frameworks";
				PRODUCT_BUNDLE_IDENTIFIER = com.dengpf.TableViewTutorail;
				PRODUCT_NAME = "$(TARGET_NAME)";
			};
			name = Release;
		};
		BF1C0CA71D0EDA01006C2B02 /* Debug */ = {
			isa = XCBuildConfiguration;
			buildSettings = {
				BUNDLE_LOADER = "$(TEST_HOST)";
				INFOPLIST_FILE = TableViewTutorailTests/Info.plist;
				LD_RUNPATH_SEARCH_PATHS = "$(inherited) @executable_path/Frameworks @loader_path/Frameworks";
				PRODUCT_BUNDLE_IDENTIFIER = com.dengpf.TableViewTutorailTests;
				PRODUCT_NAME = "$(TARGET_NAME)";
				TEST_HOST = "$(BUILT_PRODUCTS_DIR)/TableViewTutorail.app/TableViewTutorail";
			};
			name = Debug;
		};
		BF1C0CA81D0EDA01006C2B02 /* Release */ = {
			isa = XCBuildConfiguration;
			buildSettings = {
				BUNDLE_LOADER = "$(TEST_HOST)";
				INFOPLIST_FILE = TableViewTutorailTests/Info.plist;
				LD_RUNPATH_SEARCH_PATHS = "$(inherited) @executable_path/Frameworks @loader_path/Frameworks";
				PRODUCT_BUNDLE_IDENTIFIER = com.dengpf.TableViewTutorailTests;
				PRODUCT_NAME = "$(TARGET_NAME)";
				TEST_HOST = "$(BUILT_PRODUCTS_DIR)/TableViewTutorail.app/TableViewTutorail";
			};
			name = Release;
		};
		BF1C0CAA1D0EDA01006C2B02 /* Debug */ = {
			isa = XCBuildConfiguration;
			buildSettings = {
				INFOPLIST_FILE = TableViewTutorailUITests/Info.plist;
				LD_RUNPATH_SEARCH_PATHS = "$(inherited) @executable_path/Frameworks @loader_path/Frameworks";
				PRODUCT_BUNDLE_IDENTIFIER = com.dengpf.TableViewTutorailUITests;
				PRODUCT_NAME = "$(TARGET_NAME)";
				TEST_TARGET_NAME = TableViewTutorail;
			};
			name = Debug;
		};
		BF1C0CAB1D0EDA01006C2B02 /* Release */ = {
			isa = XCBuildConfiguration;
			buildSettings = {
				INFOPLIST_FILE = TableViewTutorailUITests/Info.plist;
				LD_RUNPATH_SEARCH_PATHS = "$(inherited) @executable_path/Frameworks @loader_path/Frameworks";
				PRODUCT_BUNDLE_IDENTIFIER = com.dengpf.TableViewTutorailUITests;
				PRODUCT_NAME = "$(TARGET_NAME)";
				TEST_TARGET_NAME = TableViewTutorail;
			};
			name = Release;
		};
/* End XCBuildConfiguration section */

/* Begin XCConfigurationList section */
		BF1C0C731D0EDA00006C2B02 /* Build configuration list for PBXProject "TableViewTutorail" */ = {
			isa = XCConfigurationList;
			buildConfigurations = (
				BF1C0CA11D0EDA01006C2B02 /* Debug */,
				BF1C0CA21D0EDA01006C2B02 /* Release */,
			);
			defaultConfigurationIsVisible = 0;
			defaultConfigurationName = Release;
		};
		BF1C0CA31D0EDA01006C2B02 /* Build configuration list for PBXNativeTarget "TableViewTutorail" */ = {
			isa = XCConfigurationList;
			buildConfigurations = (
				BF1C0CA41D0EDA01006C2B02 /* Debug */,
				BF1C0CA51D0EDA01006C2B02 /* Release */,
			);
			defaultConfigurationIsVisible = 0;
		};
		BF1C0CA61D0EDA01006C2B02 /* Build configuration list for PBXNativeTarget "TableViewTutorailTests" */ = {
			isa = XCConfigurationList;
			buildConfigurations = (
				BF1C0CA71D0EDA01006C2B02 /* Debug */,
				BF1C0CA81D0EDA01006C2B02 /* Release */,
			);
			defaultConfigurationIsVisible = 0;
		};
		BF1C0CA91D0EDA01006C2B02 /* Build configuration list for PBXNativeTarget "TableViewTutorailUITests" */ = {
			isa = XCConfigurationList;
			buildConfigurations = (
				BF1C0CAA1D0EDA01006C2B02 /* Debug */,
				BF1C0CAB1D0EDA01006C2B02 /* Release */,
			);
			defaultConfigurationIsVisible = 0;
		};
/* End XCConfigurationList section */

/* Begin XCVersionGroup section */
		BF1C0C821D0EDA01006C2B02 /* TableViewTutorail.xcdatamodeld */ = {
			isa = XCVersionGroup;
			children = (
				BF1C0C831D0EDA01006C2B02 /* TableViewTutorail.xcdatamodel */,
			);
			currentVersion = BF1C0C831D0EDA01006C2B02 /* TableViewTutorail.xcdatamodel */;
			path = TableViewTutorail.xcdatamodeld;
			sourceTree = "<group>";
			versionGroupType = wrapper.xcdatamodel;
		};
/* End XCVersionGroup section */
	};
	rootObject = BF1C0C701D0EDA00006C2B02 /* Project object */;
}
